
Microsoft Visual Studio Solution File, Format Version 12.00
# Visual Studio Version 16
VisualStudioVersion = 16.0.29009.5
MinimumVisualStudioVersion = 10.0.40219.1
Project("{FAE04EC0-301F-11D3-BF4B-00C04F79EFBC}") = "06,21,19 homework2", "06,21,19 homework2\06,21,19 homework2.csproj", "{E3498849-F458-4E78-899C-6D70B87B54BF}"
EndProject
Global
	GlobalSection(SolutionConfigurationPlatforms) = preSolution
		Debug|Any CPU = Debug|Any CPU
		Release|Any CPU = Release|Any CPU
	EndGlobalSection
	GlobalSection(ProjectConfigurationPlatforms) = postSolution
		{E3498849-F458-4E78-899C-6D70B87B54BF}.Debug|Any CPU.ActiveCfg = Debug|Any CPU
		{E3498849-F458-4E78-899C-6D70B87B54BF}.Debug|Any CPU.Build.0 = Debug|Any CPU
		{E3498849-F458-4E78-899C-6D70B87B54BF}.Release|Any CPU.ActiveCfg = Release|Any CPU
		{E3498849-F458-4E78-899C-6D70B87B54BF}.Release|Any CPU.Build.0 = Release|Any CPU
	EndGlobalSection
	GlobalSection(SolutionProperties) = preSolution
		HideSolutionNode = FALSE
	EndGlobalSection
	GlobalSection(ExtensibilityGlobals) = postSolution
		SolutionGuid = {8A0FB687-F56D-41CC-A32A-5D81883C98E3}
	EndGlobalSection
EndGlobal
