
Microsoft Visual Studio Solution File, Format Version 12.00
# Visual Studio Version 16
VisualStudioVersion = 16.0.29009.5
MinimumVisualStudioVersion = 10.0.40219.1
Project("{FAE04EC0-301F-11D3-BF4B-00C04F79EFBC}") = "06.21.19 homework1", "06.21.19 homework1\06.21.19 homework1.csproj", "{BAE35A33-FB66-4D8C-A67A-FE9D69E32440}"
EndProject
Global
	GlobalSection(SolutionConfigurationPlatforms) = preSolution
		Debug|Any CPU = Debug|Any CPU
		Release|Any CPU = Release|Any CPU
	EndGlobalSection
	GlobalSection(ProjectConfigurationPlatforms) = postSolution
		{BAE35A33-FB66-4D8C-A67A-FE9D69E32440}.Debug|Any CPU.ActiveCfg = Debug|Any CPU
		{BAE35A33-FB66-4D8C-A67A-FE9D69E32440}.Debug|Any CPU.Build.0 = Debug|Any CPU
		{BAE35A33-FB66-4D8C-A67A-FE9D69E32440}.Release|Any CPU.ActiveCfg = Release|Any CPU
		{BAE35A33-FB66-4D8C-A67A-FE9D69E32440}.Release|Any CPU.Build.0 = Release|Any CPU
	EndGlobalSection
	GlobalSection(SolutionProperties) = preSolution
		HideSolutionNode = FALSE
	EndGlobalSection
	GlobalSection(ExtensibilityGlobals) = postSolution
		SolutionGuid = {8A4A8DDA-7A0C-4236-80BF-EB712B9326CA}
	EndGlobalSection
EndGlobal
