
Microsoft Visual Studio Solution File, Format Version 12.00
# Visual Studio Version 16
VisualStudioVersion = 16.0.29009.5
MinimumVisualStudioVersion = 10.0.40219.1
Project("{FAE04EC0-301F-11D3-BF4B-00C04F79EFBC}") = "06.22.19 homework4", "06.22.19 homework4\06.22.19 homework4.csproj", "{A70E7051-5CA6-439C-8A76-20046970CAAF}"
EndProject
Global
	GlobalSection(SolutionConfigurationPlatforms) = preSolution
		Debug|Any CPU = Debug|Any CPU
		Release|Any CPU = Release|Any CPU
	EndGlobalSection
	GlobalSection(ProjectConfigurationPlatforms) = postSolution
		{A70E7051-5CA6-439C-8A76-20046970CAAF}.Debug|Any CPU.ActiveCfg = Debug|Any CPU
		{A70E7051-5CA6-439C-8A76-20046970CAAF}.Debug|Any CPU.Build.0 = Debug|Any CPU
		{A70E7051-5CA6-439C-8A76-20046970CAAF}.Release|Any CPU.ActiveCfg = Release|Any CPU
		{A70E7051-5CA6-439C-8A76-20046970CAAF}.Release|Any CPU.Build.0 = Release|Any CPU
	EndGlobalSection
	GlobalSection(SolutionProperties) = preSolution
		HideSolutionNode = FALSE
	EndGlobalSection
	GlobalSection(ExtensibilityGlobals) = postSolution
		SolutionGuid = {719E189D-A2B8-4911-880B-A0968714A2E3}
	EndGlobalSection
EndGlobal
